
Microsoft Visual Studio Solution File, Format Version 11.00
# Visual Studio 2010
Project("{FAE04EC0-301F-11D3-BF4B-00C04F79EFBC}") = "Assembly-CSharp", "Assembly-CSharp.csproj", "{464e447a-06e9-3030-2a24-7436846b7f7d}"
EndProject
Project("{FAE04EC0-301F-11D3-BF4B-00C04F79EFBC}") = "Assembly-CSharp-Editor", "Assembly-CSharp-Editor.csproj", "{4036b6bd-9092-6154-78a0-a6e50f1469fb}"
EndProject
Global
	GlobalSection(SolutionConfigurationPlatforms) = preSolution
		Debug|Any CPU = Debug|Any CPU
	EndGlobalSection
	GlobalSection(ProjectConfigurationPlatforms) = postSolution
		{464e447a-06e9-3030-2a24-7436846b7f7d}.Debug|Any CPU.ActiveCfg = Debug|Any CPU
		{464e447a-06e9-3030-2a24-7436846b7f7d}.Debug|Any CPU.Build.0 = Debug|Any CPU
		{4036b6bd-9092-6154-78a0-a6e50f1469fb}.Debug|Any CPU.ActiveCfg = Debug|Any CPU
		{4036b6bd-9092-6154-78a0-a6e50f1469fb}.Debug|Any CPU.Build.0 = Debug|Any CPU
	EndGlobalSection
	GlobalSection(SolutionProperties) = preSolution
		HideSolutionNode = FALSE
	EndGlobalSection
EndGlobal
